
Microsoft Visual Studio Solution File, Format Version 12.00
# Visual Studio Version 16
VisualStudioVersion = 16.0.29806.167
MinimumVisualStudioVersion = 10.0.40219.1
Project("{FAE04EC0-301F-11D3-BF4B-00C04F79EFBC}") = "EmailExtractRESTfulAPI", "EmailExtractRESTfulAPI\EmailExtractRESTfulAPI.csproj", "{8E617647-FFC0-4C88-B89D-E55753B56113}"
EndProject
Global
	GlobalSection(SolutionConfigurationPlatforms) = preSolution
		Debug|Any CPU = Debug|Any CPU
		Release|Any CPU = Release|Any CPU
	EndGlobalSection
	GlobalSection(ProjectConfigurationPlatforms) = postSolution
		{8E617647-FFC0-4C88-B89D-E55753B56113}.Debug|Any CPU.ActiveCfg = Debug|Any CPU
		{8E617647-FFC0-4C88-B89D-E55753B56113}.Debug|Any CPU.Build.0 = Debug|Any CPU
		{8E617647-FFC0-4C88-B89D-E55753B56113}.Release|Any CPU.ActiveCfg = Release|Any CPU
		{8E617647-FFC0-4C88-B89D-E55753B56113}.Release|Any CPU.Build.0 = Release|Any CPU
	EndGlobalSection
	GlobalSection(SolutionProperties) = preSolution
		HideSolutionNode = FALSE
	EndGlobalSection
	GlobalSection(ExtensibilityGlobals) = postSolution
		SolutionGuid = {8AE32A82-9B2B-40D5-81D5-B09CB025CF18}
	EndGlobalSection
EndGlobal
